
Microsoft Visual Studio Solution File, Format Version 12.00
# Visual Studio Version 16
VisualStudioVersion = 16.0.30011.22
MinimumVisualStudioVersion = 10.0.40219.1
Project("{FAE04EC0-301F-11D3-BF4B-00C04F79EFBC}") = "SharpChisel", "SharpChisel\SharpChisel.csproj", "{F5F21E2D-EB7E-4146-A7E1-371FD08D6762}"
EndProject
Global
	GlobalSection(SolutionConfigurationPlatforms) = preSolution
		Debug|Any CPU = Debug|Any CPU
		Release|Any CPU = Release|Any CPU
	EndGlobalSection
	GlobalSection(ProjectConfigurationPlatforms) = postSolution
		{F5F21E2D-EB7E-4146-A7E1-371FD08D6762}.Debug|Any CPU.ActiveCfg = Debug|Any CPU
		{F5F21E2D-EB7E-4146-A7E1-371FD08D6762}.Debug|Any CPU.Build.0 = Debug|Any CPU
		{F5F21E2D-EB7E-4146-A7E1-371FD08D6762}.Release|Any CPU.ActiveCfg = Release|Any CPU
		{F5F21E2D-EB7E-4146-A7E1-371FD08D6762}.Release|Any CPU.Build.0 = Release|Any CPU
	EndGlobalSection
	GlobalSection(SolutionProperties) = preSolution
		HideSolutionNode = FALSE
	EndGlobalSection
	GlobalSection(ExtensibilityGlobals) = postSolution
		SolutionGuid = {A269F9A7-8B16-4C58-B1C0-9165480A7C4B}
	EndGlobalSection
EndGlobal
